# This file was autogenerated by Stack.
# You should not edit this file by hand.
# For more information, please see the documentation at:
#   https://docs.haskellstack.org/en/stable/lock_files

packages:
- completed:
    name: BinderAnn
    pantry-tree:
      sha256: 2e2b0b9828f0bd3698344940c4da689947b4530ae75ccc51b03c77db171244e3
      size: 1631
    commit: 8f082b23ebd4e79e86e934f41ddfcba59652fadd
    git: https://github.com/OctopiChalmers/BinderAnn
    version: 0.1.0.0
  original:
    commit: 8f082b23ebd4e79e86e934f41ddfcba59652fadd
    git: https://github.com/OctopiChalmers/BinderAnn
snapshots:
- completed:
    sha256: cdead65fca0323144b346c94286186f4969bf85594d649c49c7557295675d8a5
    size: 586286
    url: https://raw.githubusercontent.com/commercialhaskell/stackage-snapshots/master/lts/18/16.yaml
  original:
    url: https://raw.githubusercontent.com/commercialhaskell/stackage-snapshots/master/lts/18/16.yaml
